apiVersion: vendir.k14s.io/v1alpha1
directories:
- contents:
  - git:
      commitTitle: Add tokyo night light theme
      sha: a1cefa5ae83eab0c1f89a47e097181417c9e064f
      tags:
      - yaml-65-ga1cefa5
    path: .
  path: dotfiles\.config\alacritty\themes\themes
- contents:
  - git:
      commitTitle: 'Merge pull request #243 from andyrichardson/patch-1...'
      sha: 99469c4a9b1ccf77fade25842dc7bafbc8ce9946
      tags:
      - v3.0.0-77-g99469c4
    path: .
  path: dotfiles\.config\tmux\plugins\tpm
- contents:
  - git:
      commitTitle: 'feat: add thinkpad-red-oled flavor (#72)'
      sha: 9511cb09cadcbf57e39a46b06a52d00957177175
    path: .
  path: dotfiles\.config\yazi\flavors\catppuccin-latte.yazi
- contents:
  - git:
      commitTitle: 'feat: add thinkpad-red-oled flavor (#72)'
      sha: 9511cb09cadcbf57e39a46b06a52d00957177175
    path: .
  path: dotfiles\.config\yazi\flavors\catppuccin-mocha.yazi
- contents:
  - git:
      commitTitle: 'feat(mime-ext): add various compression file types (#197)'
      sha: 43c69783a674108472eadd5c1b81a3c4d9ff78b5
    path: .
  path: dotfiles\.config\yazi\plugins\chmod.yazi
- contents:
  - git:
      commitTitle: manager -> mgr api fix
      sha: 71545f4ee1a0896c555b3118dc3d2b0a1b92fad9
    path: .
  path: dotfiles\.config\yazi\plugins\copy-file-contents.yazi
- contents:
  - git:
      commitTitle: 'feat(mime-ext): add various compression file types (#197)'
      sha: 43c69783a674108472eadd5c1b81a3c4d9ff78b5
    path: .
  path: dotfiles\.config\yazi\plugins\full-border.yazi
- contents:
  - git:
      commitTitle: 'feat(mime-ext): add various compression file types (#197)'
      sha: 43c69783a674108472eadd5c1b81a3c4d9ff78b5
    path: .
  path: dotfiles\.config\yazi\plugins\git.yazi
- contents:
  - git:
      commitTitle: 'Merge pull request #35 from openaitx-system/Auto_translate_README_and_Wiki...'
      sha: 406ce6c13ec3a18d4872b8f64b62f4a530759b2c
      tags:
      - v0.7.0-12-g406ce6c
    path: .
  path: dotfiles\.config\yazi\plugins\ouch.yazi
- contents:
  - git:
      commitTitle: 'feat(mime-ext): add various compression file types (#197)'
      sha: 43c69783a674108472eadd5c1b81a3c4d9ff78b5
    path: .
  path: dotfiles\.config\yazi\plugins\piper.yazi
- contents:
  - git:
      commitTitle: 'docs(readme): update thanks section'
      sha: a83710153ab5625a64ef98d55e6ddad480a3756f
    path: .
  path: dotfiles\.config\yazi\plugins\starship.yazi
- contents:
  - git:
      commitTitle: 'feat(mime-ext): add various compression file types (#197)'
      sha: 43c69783a674108472eadd5c1b81a3c4d9ff78b5
    path: .
  path: dotfiles\.config\yazi\plugins\toggle-pane.yazi
- contents:
  - git:
      commitTitle: 'fix(deprecated): use Command:arg() instead of Command:args()'
      sha: f46528243c458de3ffce38c44607d5a0cde67559
    path: .
  path: dotfiles\.config\yazi\plugins\torrent-preview.yazi
- contents:
  - git:
      commitTitle: 'chore(v26.1.22): update compatibility matrix'
      sha: d9cc2cb289977ba1fdea5b9c6fa816febc8ed4f2
      tags:
      - v2.5.2-3-gd9cc2cb
    path: .
  path: dotfiles\.config\yazi\plugins\yaziline.yazi
kind: LockConfig
